// !$*UTF8*$!
{
	archiveVersion = 1;
	classes = {
	};
	objectVersion = 56;
	objects = {

/* Begin PBXBuildFile section */
		6A0E8E5F2AE812D10091D21C /*    Success.swift in Sources */ = {isa = PBXBuildFile; fileRef = 6A0E8E5E2AE812D10091D21C /*    Success.swift */; };
		6A0E8E612AE842FE0091D21C /* OnbordingView.swift in Sources */ = {isa = PBXBuildFile; fileRef = 6A0E8E602AE842FE0091D21C /* OnbordingView.swift */; };
		6A103B782AE5BA4F00DB3927 /* SehamLabApp.swift in Sources */ = {isa = PBXBuildFile; fileRef = 6A103B772AE5BA4F00DB3927 /* SehamLabApp.swift */; };
		6A103B7A2AE5BA4F00DB3927 /* ContentView.swift in Sources */ = {isa = PBXBuildFile; fileRef = 6A103B792AE5BA4F00DB3927 /* ContentView.swift */; };
		6A103B7C2AE5BA5100DB3927 /* Assets.xcassets in Resources */ = {isa = PBXBuildFile; fileRef = 6A103B7B2AE5BA5100DB3927 /* Assets.xcassets */; };
		6A103B7F2AE5BA5100DB3927 /* Preview Assets.xcassets in Resources */ = {isa = PBXBuildFile; fileRef = 6A103B7E2AE5BA5100DB3927 /* Preview Assets.xcassets */; };
		6A103B862AE5BA7E00DB3927 /*  HomeView.swift in Sources */ = {isa = PBXBuildFile; fileRef = 6A103B852AE5BA7D00DB3927 /*  HomeView.swift */; };
		6A103B882AE5BD7C00DB3927 /* Doctor1View.swift in Sources */ = {isa = PBXBuildFile; fileRef = 6A103B872AE5BD7C00DB3927 /* Doctor1View.swift */; };
		6A103B8A2AE6295300DB3927 /*     Doctor2View.swift in Sources */ = {isa = PBXBuildFile; fileRef = 6A103B892AE6295300DB3927 /*     Doctor2View.swift */; };
		6A103B8C2AE6297000DB3927 /* Welcome.swift in Sources */ = {isa = PBXBuildFile; fileRef = 6A103B8B2AE6297000DB3927 /* Welcome.swift */; };
		6A103B8E2AE6298800DB3927 /*     Doctor3View.swift in Sources */ = {isa = PBXBuildFile; fileRef = 6A103B8D2AE6298800DB3927 /*     Doctor3View.swift */; };
		6A103B902AE629A100DB3927 /* LogineView.swift in Sources */ = {isa = PBXBuildFile; fileRef = 6A103B8F2AE629A100DB3927 /* LogineView.swift */; };
		6A103BE62AE6C4B000DB3927 /* ForgotPhone.swift in Sources */ = {isa = PBXBuildFile; fileRef = 6A103BE52AE6C4B000DB3927 /* ForgotPhone.swift */; };
		6A103BE82AE780E000DB3927 /* SignUp.swift in Sources */ = {isa = PBXBuildFile; fileRef = 6A103BE72AE780E000DB3927 /* SignUp.swift */; };
		6A6993642AF272300081E24D /* LoginPage.swift in Sources */ = {isa = PBXBuildFile; fileRef = 6A6993632AF272300081E24D /* LoginPage.swift */; };
		6A6993662AF3045A0081E24D /* ForgotPassword.swift in Sources */ = {isa = PBXBuildFile; fileRef = 6A6993652AF3045A0081E24D /* ForgotPassword.swift */; };
		6A6993682AF30B650081E24D /* VerificationeCode.swift in Sources */ = {isa = PBXBuildFile; fileRef = 6A6993672AF30B650081E24D /* VerificationeCode.swift */; };
		6A69936A2AF30BAD0081E24D /* CreatnNewPassword.swift in Sources */ = {isa = PBXBuildFile; fileRef = 6A6993692AF30BAD0081E24D /* CreatnNewPassword.swift */; };
		6A69936C2AF316B10081E24D /*  SuccessNewPassword.swift in Sources */ = {isa = PBXBuildFile; fileRef = 6A69936B2AF316B10081E24D /*  SuccessNewPassword.swift */; };
		6A69938C2AF396050081E24D /* HomeViwe1.swift in Sources */ = {isa = PBXBuildFile; fileRef = 6A69938B2AF396050081E24D /* HomeViwe1.swift */; };
		6A69938E2AF3A5540081E24D /* HomeView2.swift in Sources */ = {isa = PBXBuildFile; fileRef = 6A69938D2AF3A5540081E24D /* HomeView2.swift */; };
		6A6993B42AF5D84E0081E24D /* MapView.swift in Sources */ = {isa = PBXBuildFile; fileRef = 6A6993B32AF5D84E0081E24D /* MapView.swift */; };
		6A6993B62AF60C1E0081E24D /* CallView.swift in Sources */ = {isa = PBXBuildFile; fileRef = 6A6993B52AF60C1E0081E24D /* CallView.swift */; };
		6A6993B82AF6293F0081E24D /* VidoeCall.swift in Sources */ = {isa = PBXBuildFile; fileRef = 6A6993B72AF6293F0081E24D /* VidoeCall.swift */; };
		6A6993BA2AF666CD0081E24D /* FindDoctors.swift in Sources */ = {isa = PBXBuildFile; fileRef = 6A6993B92AF666CD0081E24D /* FindDoctors.swift */; };
		6A6993BC2AF666FA0081E24D /* DoctorDetail.swift in Sources */ = {isa = PBXBuildFile; fileRef = 6A6993BB2AF666FA0081E24D /* DoctorDetail.swift */; };
		6A6993BE2AF6674D0081E24D /* Appointment.swift in Sources */ = {isa = PBXBuildFile; fileRef = 6A6993BD2AF6674D0081E24D /* Appointment.swift */; };
		6A6993C02AF668080081E24D /* BookingDoctorSuccess .swift in Sources */ = {isa = PBXBuildFile; fileRef = 6A6993BF2AF668080081E24D /* BookingDoctorSuccess .swift */; };
		6A6993C22AF6683F0081E24D /* ChatwithDoctor .swift in Sources */ = {isa = PBXBuildFile; fileRef = 6A6993C12AF6683F0081E24D /* ChatwithDoctor .swift */; };
		6A6993C42AF6689B0081E24D /* DrugsDetail .swift in Sources */ = {isa = PBXBuildFile; fileRef = 6A6993C32AF6689B0081E24D /* DrugsDetail .swift */; };
		6A6993C62AF668EE0081E24D /* MessageHistory .swift in Sources */ = {isa = PBXBuildFile; fileRef = 6A6993C52AF668EE0081E24D /* MessageHistory .swift */; };
		6A6993C82AF669A40081E24D /* Articles.swift in Sources */ = {isa = PBXBuildFile; fileRef = 6A6993C72AF669A40081E24D /* Articles.swift */; };
		6A6993CA2AF66ABB0081E24D /* ScheduleData.swift in Sources */ = {isa = PBXBuildFile; fileRef = 6A6993C92AF66ABB0081E24D /* ScheduleData.swift */; };
		6A6993CC2AF66B060081E24D /* Pharmacy.swift in Sources */ = {isa = PBXBuildFile; fileRef = 6A6993CB2AF66B060081E24D /* Pharmacy.swift */; };
		6A6993CE2AF66BE10081E24D /* MyCart .swift in Sources */ = {isa = PBXBuildFile; fileRef = 6A6993CD2AF66BE10081E24D /* MyCart .swift */; };
		6A6993D02AF66C250081E24D /* ProfileView.swift in Sources */ = {isa = PBXBuildFile; fileRef = 6A6993CF2AF66C250081E24D /* ProfileView.swift */; };
		6A6993D22AF66C6A0081E24D /* MyCart1.swift in Sources */ = {isa = PBXBuildFile; fileRef = 6A6993D12AF66C6A0081E24D /* MyCart1.swift */; };
		6A6993D42AF66C8A0081E24D /* LogOut.swift in Sources */ = {isa = PBXBuildFile; fileRef = 6A6993D32AF66C8A0081E24D /* LogOut.swift */; };
/* End PBXBuildFile section */

/* Begin PBXFileReference section */
		6A0E8E5E2AE812D10091D21C /*    Success.swift */ = {isa = PBXFileReference; lastKnownFileType = sourcecode.swift; path = "   Success.swift"; sourceTree = "<group>"; };
		6A0E8E602AE842FE0091D21C /* OnbordingView.swift */ = {isa = PBXFileReference; lastKnownFileType = sourcecode.swift; path = OnbordingView.swift; sourceTree = "<group>"; };
		6A103B742AE5BA4F00DB3927 /* SehamLab.app */ = {isa = PBXFileReference; explicitFileType = wrapper.application; includeInIndex = 0; path = SehamLab.app; sourceTree = BUILT_PRODUCTS_DIR; };
		6A103B772AE5BA4F00DB3927 /* SehamLabApp.swift */ = {isa = PBXFileReference; lastKnownFileType = sourcecode.swift; path = SehamLabApp.swift; sourceTree = "<group>"; };
		6A103B792AE5BA4F00DB3927 /* ContentView.swift */ = {isa = PBXFileReference; lastKnownFileType = sourcecode.swift; path = ContentView.swift; sourceTree = "<group>"; };
		6A103B7B2AE5BA5100DB3927 /* Assets.xcassets */ = {isa = PBXFileReference; lastKnownFileType = folder.assetcatalog; path = Assets.xcassets; sourceTree = "<group>"; };
		6A103B7E2AE5BA5100DB3927 /* Preview Assets.xcassets */ = {isa = PBXFileReference; lastKnownFileType = folder.assetcatalog; path = "Preview Assets.xcassets"; sourceTree = "<group>"; };
		6A103B852AE5BA7D00DB3927 /*  HomeView.swift */ = {isa = PBXFileReference; lastKnownFileType = sourcecode.swift; path = " HomeView.swift"; sourceTree = "<group>"; };
		6A103B872AE5BD7C00DB3927 /* Doctor1View.swift */ = {isa = PBXFileReference; lastKnownFileType = sourcecode.swift; path = Doctor1View.swift; sourceTree = "<group>"; };
		6A103B892AE6295300DB3927 /*     Doctor2View.swift */ = {isa = PBXFileReference; lastKnownFileType = sourcecode.swift; path = "    Doctor2View.swift"; sourceTree = "<group>"; };
		6A103B8B2AE6297000DB3927 /* Welcome.swift */ = {isa = PBXFileReference; lastKnownFileType = sourcecode.swift; path = Welcome.swift; sourceTree = "<group>"; };
		6A103B8D2AE6298800DB3927 /*     Doctor3View.swift */ = {isa = PBXFileReference; lastKnownFileType = sourcecode.swift; path = "    Doctor3View.swift"; sourceTree = "<group>"; };
		6A103B8F2AE629A100DB3927 /* LogineView.swift */ = {isa = PBXFileReference; lastKnownFileType = sourcecode.swift; path = LogineView.swift; sourceTree = "<group>"; };
		6A103BE52AE6C4B000DB3927 /* ForgotPhone.swift */ = {isa = PBXFileReference; lastKnownFileType = sourcecode.swift; path = ForgotPhone.swift; sourceTree = "<group>"; };
		6A103BE72AE780E000DB3927 /* SignUp.swift */ = {isa = PBXFileReference; lastKnownFileType = sourcecode.swift; path = SignUp.swift; sourceTree = "<group>"; };
		6A6993632AF272300081E24D /* LoginPage.swift */ = {isa = PBXFileReference; lastKnownFileType = sourcecode.swift; path = LoginPage.swift; sourceTree = "<group>"; };
		6A6993652AF3045A0081E24D /* ForgotPassword.swift */ = {isa = PBXFileReference; lastKnownFileType = sourcecode.swift; path = ForgotPassword.swift; sourceTree = "<group>"; };
		6A6993672AF30B650081E24D /* VerificationeCode.swift */ = {isa = PBXFileReference; lastKnownFileType = sourcecode.swift; path = VerificationeCode.swift; sourceTree = "<group>"; };
		6A6993692AF30BAD0081E24D /* CreatnNewPassword.swift */ = {isa = PBXFileReference; lastKnownFileType = sourcecode.swift; path = CreatnNewPassword.swift; sourceTree = "<group>"; };
		6A69936B2AF316B10081E24D /*  SuccessNewPassword.swift */ = {isa = PBXFileReference; lastKnownFileType = sourcecode.swift; path = " SuccessNewPassword.swift"; sourceTree = "<group>"; };
		6A69938B2AF396050081E24D /* HomeViwe1.swift */ = {isa = PBXFileReference; lastKnownFileType = sourcecode.swift; path = HomeViwe1.swift; sourceTree = "<group>"; };
		6A69938D2AF3A5540081E24D /* HomeView2.swift */ = {isa = PBXFileReference; lastKnownFileType = sourcecode.swift; path = HomeView2.swift; sourceTree = "<group>"; };
		6A6993B32AF5D84E0081E24D /* MapView.swift */ = {isa = PBXFileReference; lastKnownFileType = sourcecode.swift; path = MapView.swift; sourceTree = "<group>"; };
		6A6993B52AF60C1E0081E24D /* CallView.swift */ = {isa = PBXFileReference; lastKnownFileType = sourcecode.swift; path = CallView.swift; sourceTree = "<group>"; };
		6A6993B72AF6293F0081E24D /* VidoeCall.swift */ = {isa = PBXFileReference; lastKnownFileType = sourcecode.swift; path = VidoeCall.swift; sourceTree = "<group>"; };
		6A6993B92AF666CD0081E24D /* FindDoctors.swift */ = {isa = PBXFileReference; lastKnownFileType = sourcecode.swift; path = FindDoctors.swift; sourceTree = "<group>"; };
		6A6993BB2AF666FA0081E24D /* DoctorDetail.swift */ = {isa = PBXFileReference; lastKnownFileType = sourcecode.swift; path = DoctorDetail.swift; sourceTree = "<group>"; };
		6A6993BD2AF6674D0081E24D /* Appointment.swift */ = {isa = PBXFileReference; lastKnownFileType = sourcecode.swift; path = Appointment.swift; sourceTree = "<group>"; };
		6A6993BF2AF668080081E24D /* BookingDoctorSuccess .swift */ = {isa = PBXFileReference; lastKnownFileType = sourcecode.swift; path = "BookingDoctorSuccess .swift"; sourceTree = "<group>"; };
		6A6993C12AF6683F0081E24D /* ChatwithDoctor .swift */ = {isa = PBXFileReference; lastKnownFileType = sourcecode.swift; path = "ChatwithDoctor .swift"; sourceTree = "<group>"; };
		6A6993C32AF6689B0081E24D /* DrugsDetail .swift */ = {isa = PBXFileReference; lastKnownFileType = sourcecode.swift; path = "DrugsDetail .swift"; sourceTree = "<group>"; };
		6A6993C52AF668EE0081E24D /* MessageHistory .swift */ = {isa = PBXFileReference; lastKnownFileType = sourcecode.swift; path = "MessageHistory .swift"; sourceTree = "<group>"; };
		6A6993C72AF669A40081E24D /* Articles.swift */ = {isa = PBXFileReference; lastKnownFileType = sourcecode.swift; path = Articles.swift; sourceTree = "<group>"; };
		6A6993C92AF66ABB0081E24D /* ScheduleData.swift */ = {isa = PBXFileReference; lastKnownFileType = sourcecode.swift; path = ScheduleData.swift; sourceTree = "<group>"; };
		6A6993CB2AF66B060081E24D /* Pharmacy.swift */ = {isa = PBXFileReference; lastKnownFileType = sourcecode.swift; path = Pharmacy.swift; sourceTree = "<group>"; };
		6A6993CD2AF66BE10081E24D /* MyCart .swift */ = {isa = PBXFileReference; lastKnownFileType = sourcecode.swift; path = "MyCart .swift"; sourceTree = "<group>"; };
		6A6993CF2AF66C250081E24D /* ProfileView.swift */ = {isa = PBXFileReference; lastKnownFileType = sourcecode.swift; path = ProfileView.swift; sourceTree = "<group>"; };
		6A6993D12AF66C6A0081E24D /* MyCart1.swift */ = {isa = PBXFileReference; lastKnownFileType = sourcecode.swift; path = MyCart1.swift; sourceTree = "<group>"; };
		6A6993D32AF66C8A0081E24D /* LogOut.swift */ = {isa = PBXFileReference; lastKnownFileType = sourcecode.swift; path = LogOut.swift; sourceTree = "<group>"; };
/* End PBXFileReference section */

/* Begin PBXFrameworksBuildPhase section */
		6A103B712AE5BA4F00DB3927 /* Frameworks */ = {
			isa = PBXFrameworksBuildPhase;
			buildActionMask = 2147483647;
			files = (
			);
			runOnlyForDeploymentPostprocessing = 0;
		};
/* End PBXFrameworksBuildPhase section */

/* Begin PBXGroup section */
		6A103B6B2AE5BA4F00DB3927 = {
			isa = PBXGroup;
			children = (
				6A103B762AE5BA4F00DB3927 /* SehamLab */,
				6A103B752AE5BA4F00DB3927 /* Products */,
			);
			sourceTree = "<group>";
		};
		6A103B752AE5BA4F00DB3927 /* Products */ = {
			isa = PBXGroup;
			children = (
				6A103B742AE5BA4F00DB3927 /* SehamLab.app */,
			);
			name = Products;
			sourceTree = "<group>";
		};
		6A103B762AE5BA4F00DB3927 /* SehamLab */ = {
			isa = PBXGroup;
			children = (
				6A103B772AE5BA4F00DB3927 /* SehamLabApp.swift */,
				6A103B792AE5BA4F00DB3927 /* ContentView.swift */,
				6A103B7B2AE5BA5100DB3927 /* Assets.xcassets */,
				6A103B7D2AE5BA5100DB3927 /* Preview Content */,
				6A103B852AE5BA7D00DB3927 /*  HomeView.swift */,
				6A103B872AE5BD7C00DB3927 /* Doctor1View.swift */,
				6A103B892AE6295300DB3927 /*     Doctor2View.swift */,
				6A103B8D2AE6298800DB3927 /*     Doctor3View.swift */,
				6A103B8F2AE629A100DB3927 /* LogineView.swift */,
				6A6993632AF272300081E24D /* LoginPage.swift */,
				6A103B8B2AE6297000DB3927 /* Welcome.swift */,
				6A103BE72AE780E000DB3927 /* SignUp.swift */,
				6A0E8E5E2AE812D10091D21C /*    Success.swift */,
				6A6993652AF3045A0081E24D /* ForgotPassword.swift */,
				6A103BE52AE6C4B000DB3927 /* ForgotPhone.swift */,
				6A6993672AF30B650081E24D /* VerificationeCode.swift */,
				6A6993692AF30BAD0081E24D /* CreatnNewPassword.swift */,
				6A69936B2AF316B10081E24D /*  SuccessNewPassword.swift */,
				6A69938B2AF396050081E24D /* HomeViwe1.swift */,
				6A69938D2AF3A5540081E24D /* HomeView2.swift */,
				6A6993B92AF666CD0081E24D /* FindDoctors.swift */,
				6A6993BB2AF666FA0081E24D /* DoctorDetail.swift */,
				6A6993BF2AF668080081E24D /* BookingDoctorSuccess .swift */,
				6A6993C12AF6683F0081E24D /* ChatwithDoctor .swift */,
				6A6993B52AF60C1E0081E24D /* CallView.swift */,
				6A6993BD2AF6674D0081E24D /* Appointment.swift */,
				6A6993B72AF6293F0081E24D /* VidoeCall.swift */,
				6A6993C92AF66ABB0081E24D /* ScheduleData.swift */,
				6A6993C52AF668EE0081E24D /* MessageHistory .swift */,
				6A6993C72AF669A40081E24D /* Articles.swift */,
				6A6993CB2AF66B060081E24D /* Pharmacy.swift */,
				6A6993C32AF6689B0081E24D /* DrugsDetail .swift */,
				6A6993CD2AF66BE10081E24D /* MyCart .swift */,
				6A6993D12AF66C6A0081E24D /* MyCart1.swift */,
				6A6993B32AF5D84E0081E24D /* MapView.swift */,
				6A6993CF2AF66C250081E24D /* ProfileView.swift */,
				6A6993D32AF66C8A0081E24D /* LogOut.swift */,
				6A0E8E602AE842FE0091D21C /* OnbordingView.swift */,
			);
			path = SehamLab;
			sourceTree = "<group>";
		};
		6A103B7D2AE5BA5100DB3927 /* Preview Content */ = {
			isa = PBXGroup;
			children = (
				6A103B7E2AE5BA5100DB3927 /* Preview Assets.xcassets */,
			);
			path = "Preview Content";
			sourceTree = "<group>";
		};
/* End PBXGroup section */

/* Begin PBXNativeTarget section */
		6A103B732AE5BA4F00DB3927 /* SehamLab */ = {
			isa = PBXNativeTarget;
			buildConfigurationList = 6A103B822AE5BA5100DB3927 /* Build configuration list for PBXNativeTarget "SehamLab" */;
			buildPhases = (
				6A103B702AE5BA4F00DB3927 /* Sources */,
				6A103B712AE5BA4F00DB3927 /* Frameworks */,
				6A103B722AE5BA4F00DB3927 /* Resources */,
			);
			buildRules = (
			);
			dependencies = (
			);
			name = SehamLab;
			productName = SehamLab;
			productReference = 6A103B742AE5BA4F00DB3927 /* SehamLab.app */;
			productType = "com.apple.product-type.application";
		};
/* End PBXNativeTarget section */

/* Begin PBXProject section */
		6A103B6C2AE5BA4F00DB3927 /* Project object */ = {
			isa = PBXProject;
			attributes = {
				BuildIndependentTargetsInParallel = 1;
				LastSwiftUpdateCheck = 1500;
				LastUpgradeCheck = 1500;
				TargetAttributes = {
					6A103B732AE5BA4F00DB3927 = {
						CreatedOnToolsVersion = 15.0;
					};
				};
			};
			buildConfigurationList = 6A103B6F2AE5BA4F00DB3927 /* Build configuration list for PBXProject "SehamLab" */;
			compatibilityVersion = "Xcode 14.0";
			developmentRegion = en;
			hasScannedForEncodings = 0;
			knownRegions = (
				en,
				Base,
			);
			mainGroup = 6A103B6B2AE5BA4F00DB3927;
			productRefGroup = 6A103B752AE5BA4F00DB3927 /* Products */;
			projectDirPath = "";
			projectRoot = "";
			targets = (
				6A103B732AE5BA4F00DB3927 /* SehamLab */,
			);
		};
/* End PBXProject section */

/* Begin PBXResourcesBuildPhase section */
		6A103B722AE5BA4F00DB3927 /* Resources */ = {
			isa = PBXResourcesBuildPhase;
			buildActionMask = 2147483647;
			files = (
				6A103B7F2AE5BA5100DB3927 /* Preview Assets.xcassets in Resources */,
				6A103B7C2AE5BA5100DB3927 /* Assets.xcassets in Resources */,
			);
			runOnlyForDeploymentPostprocessing = 0;
		};
/* End PBXResourcesBuildPhase section */

/* Begin PBXSourcesBuildPhase section */
		6A103B702AE5BA4F00DB3927 /* Sources */ = {
			isa = PBXSourcesBuildPhase;
			buildActionMask = 2147483647;
			files = (
				6A103B7A2AE5BA4F00DB3927 /* ContentView.swift in Sources */,
				6A6993682AF30B650081E24D /* VerificationeCode.swift in Sources */,
				6A6993CA2AF66ABB0081E24D /* ScheduleData.swift in Sources */,
				6A103B882AE5BD7C00DB3927 /* Doctor1View.swift in Sources */,
				6A103BE82AE780E000DB3927 /* SignUp.swift in Sources */,
				6A103B902AE629A100DB3927 /* LogineView.swift in Sources */,
				6A6993642AF272300081E24D /* LoginPage.swift in Sources */,
				6A103B8A2AE6295300DB3927 /*     Doctor2View.swift in Sources */,
				6A69938C2AF396050081E24D /* HomeViwe1.swift in Sources */,
				6A6993D42AF66C8A0081E24D /* LogOut.swift in Sources */,
				6A0E8E5F2AE812D10091D21C /*    Success.swift in Sources */,
				6A6993C02AF668080081E24D /* BookingDoctorSuccess .swift in Sources */,
				6A6993BA2AF666CD0081E24D /* FindDoctors.swift in Sources */,
				6A6993C62AF668EE0081E24D /* MessageHistory .swift in Sources */,
				6A6993CE2AF66BE10081E24D /* MyCart .swift in Sources */,
				6A6993B62AF60C1E0081E24D /* CallView.swift in Sources */,
				6A6993BC2AF666FA0081E24D /* DoctorDetail.swift in Sources */,
				6A69938E2AF3A5540081E24D /* HomeView2.swift in Sources */,
				6A103B782AE5BA4F00DB3927 /* SehamLabApp.swift in Sources */,
				6A6993C82AF669A40081E24D /* Articles.swift in Sources */,
				6A6993D22AF66C6A0081E24D /* MyCart1.swift in Sources */,
				6A103B862AE5BA7E00DB3927 /*  HomeView.swift in Sources */,
				6A103B8E2AE6298800DB3927 /*     Doctor3View.swift in Sources */,
				6A103B8C2AE6297000DB3927 /* Welcome.swift in Sources */,
				6A69936A2AF30BAD0081E24D /* CreatnNewPassword.swift in Sources */,
				6A6993662AF3045A0081E24D /* ForgotPassword.swift in Sources */,
				6A6993BE2AF6674D0081E24D /* Appointment.swift in Sources */,
				6A103BE62AE6C4B000DB3927 /* ForgotPhone.swift in Sources */,
				6A6993D02AF66C250081E24D /* ProfileView.swift in Sources */,
				6A6993B42AF5D84E0081E24D /* MapView.swift in Sources */,
				6A6993C22AF6683F0081E24D /* ChatwithDoctor .swift in Sources */,
				6A0E8E612AE842FE0091D21C /* OnbordingView.swift in Sources */,
				6A69936C2AF316B10081E24D /*  SuccessNewPassword.swift in Sources */,
				6A6993C42AF6689B0081E24D /* DrugsDetail .swift in Sources */,
				6A6993CC2AF66B060081E24D /* Pharmacy.swift in Sources */,
				6A6993B82AF6293F0081E24D /* VidoeCall.swift in Sources */,
			);
			runOnlyForDeploymentPostprocessing = 0;
		};
/* End PBXSourcesBuildPhase section */

/* Begin XCBuildConfiguration section */
		6A103B802AE5BA5100DB3927 /* Debug */ = {
			isa = XCBuildConfiguration;
			buildSettings = {
				ALWAYS_SEARCH_USER_PATHS = NO;
				ASSETCATALOG_COMPILER_GENERATE_SWIFT_ASSET_SYMBOL_EXTENSIONS = YES;
				CLANG_ANALYZER_NONNULL = YES;
				CLANG_ANALYZER_NUMBER_OBJECT_CONVERSION = YES_AGGRESSIVE;
				CLANG_CXX_LANGUAGE_STANDARD = "gnu++20";
				CLANG_ENABLE_MODULES = YES;
				CLANG_ENABLE_OBJC_ARC = YES;
				CLANG_ENABLE_OBJC_WEAK = YES;
				CLANG_WARN_BLOCK_CAPTURE_AUTORELEASING = YES;
				CLANG_WARN_BOOL_CONVERSION = YES;
				CLANG_WARN_COMMA = YES;
				CLANG_WARN_CONSTANT_CONVERSION = YES;
				CLANG_WARN_DEPRECATED_OBJC_IMPLEMENTATIONS = YES;
				CLANG_WARN_DIRECT_OBJC_ISA_USAGE = YES_ERROR;
				CLANG_WARN_DOCUMENTATION_COMMENTS = YES;
				CLANG_WARN_EMPTY_BODY = YES;
				CLANG_WARN_ENUM_CONVERSION = YES;
				CLANG_WARN_INFINITE_RECURSION = YES;
				CLANG_WARN_INT_CONVERSION = YES;
				CLANG_WARN_NON_LITERAL_NULL_CONVERSION = YES;
				CLANG_WARN_OBJC_IMPLICIT_RETAIN_SELF = YES;
				CLANG_WARN_OBJC_LITERAL_CONVERSION = YES;
				CLANG_WARN_OBJC_ROOT_CLASS = YES_ERROR;
				CLANG_WARN_QUOTED_INCLUDE_IN_FRAMEWORK_HEADER = YES;
				CLANG_WARN_RANGE_LOOP_ANALYSIS = YES;
				CLANG_WARN_STRICT_PROTOTYPES = YES;
				CLANG_WARN_SUSPICIOUS_MOVE = YES;
				CLANG_WARN_UNGUARDED_AVAILABILITY = YES_AGGRESSIVE;
				CLANG_WARN_UNREACHABLE_CODE = YES;
				CLANG_WARN__DUPLICATE_METHOD_MATCH = YES;
				COPY_PHASE_STRIP = NO;
				DEBUG_INFORMATION_FORMAT = dwarf;
				ENABLE_STRICT_OBJC_MSGSEND = YES;
				ENABLE_TESTABILITY = YES;
				ENABLE_USER_SCRIPT_SANDBOXING = YES;
				GCC_C_LANGUAGE_STANDARD = gnu17;
				GCC_DYNAMIC_NO_PIC = NO;
				GCC_NO_COMMON_BLOCKS = YES;
				GCC_OPTIMIZATION_LEVEL = 0;
				GCC_PREPROCESSOR_DEFINITIONS = (
					"DEBUG=1",
					"$(inherited)",
				);
				GCC_WARN_64_TO_32_BIT_CONVERSION = YES;
				GCC_WARN_ABOUT_RETURN_TYPE = YES_ERROR;
				GCC_WARN_UNDECLARED_SELECTOR = YES;
				GCC_WARN_UNINITIALIZED_AUTOS = YES_AGGRESSIVE;
				GCC_WARN_UNUSED_FUNCTION = YES;
				GCC_WARN_UNUSED_VARIABLE = YES;
				IPHONEOS_DEPLOYMENT_TARGET = 17.0;
				LOCALIZATION_PREFERS_STRING_CATALOGS = YES;
				MTL_ENABLE_DEBUG_INFO = INCLUDE_SOURCE;
				MTL_FAST_MATH = YES;
				ONLY_ACTIVE_ARCH = YES;
				SDKROOT = iphoneos;
				SWIFT_ACTIVE_COMPILATION_CONDITIONS = "DEBUG $(inherited)";
				SWIFT_OPTIMIZATION_LEVEL = "-Onone";
			};
			name = Debug;
		};
		6A103B812AE5BA5100DB3927 /* Release */ = {
			isa = XCBuildConfiguration;
			buildSettings = {
				ALWAYS_SEARCH_USER_PATHS = NO;
				ASSETCATALOG_COMPILER_GENERATE_SWIFT_ASSET_SYMBOL_EXTENSIONS = YES;
				CLANG_ANALYZER_NONNULL = YES;
				CLANG_ANALYZER_NUMBER_OBJECT_CONVERSION = YES_AGGRESSIVE;
				CLANG_CXX_LANGUAGE_STANDARD = "gnu++20";
				CLANG_ENABLE_MODULES = YES;
				CLANG_ENABLE_OBJC_ARC = YES;
				CLANG_ENABLE_OBJC_WEAK = YES;
				CLANG_WARN_BLOCK_CAPTURE_AUTORELEASING = YES;
				CLANG_WARN_BOOL_CONVERSION = YES;
				CLANG_WARN_COMMA = YES;
				CLANG_WARN_CONSTANT_CONVERSION = YES;
				CLANG_WARN_DEPRECATED_OBJC_IMPLEMENTATIONS = YES;
				CLANG_WARN_DIRECT_OBJC_ISA_USAGE = YES_ERROR;
				CLANG_WARN_DOCUMENTATION_COMMENTS = YES;
				CLANG_WARN_EMPTY_BODY = YES;
				CLANG_WARN_ENUM_CONVERSION = YES;
				CLANG_WARN_INFINITE_RECURSION = YES;
				CLANG_WARN_INT_CONVERSION = YES;
				CLANG_WARN_NON_LITERAL_NULL_CONVERSION = YES;
				CLANG_WARN_OBJC_IMPLICIT_RETAIN_SELF = YES;
				CLANG_WARN_OBJC_LITERAL_CONVERSION = YES;
				CLANG_WARN_OBJC_ROOT_CLASS = YES_ERROR;
				CLANG_WARN_QUOTED_INCLUDE_IN_FRAMEWORK_HEADER = YES;
				CLANG_WARN_RANGE_LOOP_ANALYSIS = YES;
				CLANG_WARN_STRICT_PROTOTYPES = YES;
				CLANG_WARN_SUSPICIOUS_MOVE = YES;
				CLANG_WARN_UNGUARDED_AVAILABILITY = YES_AGGRESSIVE;
				CLANG_WARN_UNREACHABLE_CODE = YES;
				CLANG_WARN__DUPLICATE_METHOD_MATCH = YES;
				COPY_PHASE_STRIP = NO;
				DEBUG_INFORMATION_FORMAT = "dwarf-with-dsym";
				ENABLE_NS_ASSERTIONS = NO;
				ENABLE_STRICT_OBJC_MSGSEND = YES;
				ENABLE_USER_SCRIPT_SANDBOXING = YES;
				GCC_C_LANGUAGE_STANDARD = gnu17;
				GCC_NO_COMMON_BLOCKS = YES;
				GCC_WARN_64_TO_32_BIT_CONVERSION = YES;
				GCC_WARN_ABOUT_RETURN_TYPE = YES_ERROR;
				GCC_WARN_UNDECLARED_SELECTOR = YES;
				GCC_WARN_UNINITIALIZED_AUTOS = YES_AGGRESSIVE;
				GCC_WARN_UNUSED_FUNCTION = YES;
				GCC_WARN_UNUSED_VARIABLE = YES;
				IPHONEOS_DEPLOYMENT_TARGET = 17.0;
				LOCALIZATION_PREFERS_STRING_CATALOGS = YES;
				MTL_ENABLE_DEBUG_INFO = NO;
				MTL_FAST_MATH = YES;
				SDKROOT = iphoneos;
				SWIFT_COMPILATION_MODE = wholemodule;
				VALIDATE_PRODUCT = YES;
			};
			name = Release;
		};
		6A103B832AE5BA5100DB3927 /* Debug */ = {
			isa = XCBuildConfiguration;
			buildSettings = {
				ASSETCATALOG_COMPILER_APPICON_NAME = AppIcon;
				ASSETCATALOG_COMPILER_GLOBAL_ACCENT_COLOR_NAME = AccentColor;
				CODE_SIGN_STYLE = Automatic;
				CURRENT_PROJECT_VERSION = 1;
				DEVELOPMENT_ASSET_PATHS = "\"SehamLab/Preview Content\"";
				ENABLE_PREVIEWS = YES;
				GENERATE_INFOPLIST_FILE = YES;
				INFOPLIST_KEY_UIApplicationSceneManifest_Generation = YES;
				INFOPLIST_KEY_UIApplicationSupportsIndirectInputEvents = YES;
				INFOPLIST_KEY_UILaunchScreen_Generation = YES;
				INFOPLIST_KEY_UISupportedInterfaceOrientations_iPad = "UIInterfaceOrientationPortrait UIInterfaceOrientationPortraitUpsideDown UIInterfaceOrientationLandscapeLeft UIInterfaceOrientationLandscapeRight";
				INFOPLIST_KEY_UISupportedInterfaceOrientations_iPhone = "UIInterfaceOrientationPortrait UIInterfaceOrientationLandscapeLeft UIInterfaceOrientationLandscapeRight";
				LD_RUNPATH_SEARCH_PATHS = (
					"$(inherited)",
					"@executable_path/Frameworks",
				);
				MARKETING_VERSION = 1.0;
				PRODUCT_BUNDLE_IDENTIFIER = com.example.SehamLab;
				PRODUCT_NAME = "$(TARGET_NAME)";
				SWIFT_EMIT_LOC_STRINGS = YES;
				SWIFT_VERSION = 5.0;
				TARGETED_DEVICE_FAMILY = "1,2";
			};
			name = Debug;
		};
		6A103B842AE5BA5100DB3927 /* Release */ = {
			isa = XCBuildConfiguration;
			buildSettings = {
				ASSETCATALOG_COMPILER_APPICON_NAME = AppIcon;
				ASSETCATALOG_COMPILER_GLOBAL_ACCENT_COLOR_NAME = AccentColor;
				CODE_SIGN_STYLE = Automatic;
				CURRENT_PROJECT_VERSION = 1;
				DEVELOPMENT_ASSET_PATHS = "\"SehamLab/Preview Content\"";
				ENABLE_PREVIEWS = YES;
				GENERATE_INFOPLIST_FILE = YES;
				INFOPLIST_KEY_UIApplicationSceneManifest_Generation = YES;
				INFOPLIST_KEY_UIApplicationSupportsIndirectInputEvents = YES;
				INFOPLIST_KEY_UILaunchScreen_Generation = YES;
				INFOPLIST_KEY_UISupportedInterfaceOrientations_iPad = "UIInterfaceOrientationPortrait UIInterfaceOrientationPortraitUpsideDown UIInterfaceOrientationLandscapeLeft UIInterfaceOrientationLandscapeRight";
				INFOPLIST_KEY_UISupportedInterfaceOrientations_iPhone = "UIInterfaceOrientationPortrait UIInterfaceOrientationLandscapeLeft UIInterfaceOrientationLandscapeRight";
				LD_RUNPATH_SEARCH_PATHS = (
					"$(inherited)",
					"@executable_path/Frameworks",
				);
				MARKETING_VERSION = 1.0;
				PRODUCT_BUNDLE_IDENTIFIER = com.example.SehamLab;
				PRODUCT_NAME = "$(TARGET_NAME)";
				SWIFT_EMIT_LOC_STRINGS = YES;
				SWIFT_VERSION = 5.0;
				TARGETED_DEVICE_FAMILY = "1,2";
			};
			name = Release;
		};
/* End XCBuildConfiguration section */

/* Begin XCConfigurationList section */
		6A103B6F2AE5BA4F00DB3927 /* Build configuration list for PBXProject "SehamLab" */ = {
			isa = XCConfigurationList;
			buildConfigurations = (
				6A103B802AE5BA5100DB3927 /* Debug */,
				6A103B812AE5BA5100DB3927 /* Release */,
			);
			defaultConfigurationIsVisible = 0;
			defaultConfigurationName = Release;
		};
		6A103B822AE5BA5100DB3927 /* Build configuration list for PBXNativeTarget "SehamLab" */ = {
			isa = XCConfigurationList;
			buildConfigurations = (
				6A103B832AE5BA5100DB3927 /* Debug */,
				6A103B842AE5BA5100DB3927 /* Release */,
			);
			defaultConfigurationIsVisible = 0;
			defaultConfigurationName = Release;
		};
/* End XCConfigurationList section */
	};
	rootObject = 6A103B6C2AE5BA4F00DB3927 /* Project object */;
}
